Microsoft Visual Studio Solution File, Format Version 8.00
Project("{FAE04EC0-301F-11D3-BF4B-00C04F79EFBC}") = "Btec", "Btec.csproj", "{D5509DA5-5954-4F78-B5B3-8532A5A3B1B4}"
	ProjectSection(ProjectDependencies) = postProject
	EndProjectSection
EndProject
Global
	GlobalSection(SolutionConfiguration) = preSolution
		Debug = Debug
		Release = Release
	EndGlobalSection
	GlobalSection(ProjectConfiguration) = postSolution
		{D5509DA5-5954-4F78-B5B3-8532A5A3B1B4}.Debug.ActiveCfg = Debug|.NET
		{D5509DA5-5954-4F78-B5B3-8532A5A3B1B4}.Debug.Build.0 = Debug|.NET
		{D5509DA5-5954-4F78-B5B3-8532A5A3B1B4}.Release.ActiveCfg = Release|.NET
		{D5509DA5-5954-4F78-B5B3-8532A5A3B1B4}.Release.Build.0 = Release|.NET
	EndGlobalSection
	GlobalSection(ExtensibilityGlobals) = postSolution
	EndGlobalSection
	GlobalSection(ExtensibilityAddIns) = postSolution
	EndGlobalSection
EndGlobal
